
Microsoft Visual Studio Solution File, Format Version 11.00
# Visual Studio 2010
Project("{FAE04EC0-301F-11D3-BF4B-00C04F79EFBC}") = "Oct.Segmentation.Client", "App\Oct.Segmentation.Client\Oct.Segmentation.Client.csproj", "{155E7D1B-7523-4515-8A28-58AD4FAB92E5}"
EndProject
Project("{FAE04EC0-301F-11D3-BF4B-00C04F79EFBC}") = "Oct.Segmentation.Client.Web", "Oct.Segmentation.Client.Web\Oct.Segmentation.Client.Web.csproj", "{63C2174D-2050-4036-AC3A-E979DFF29002}"
EndProject
Global
	GlobalSection(SolutionConfigurationPlatforms) = preSolution
		Debug|Any CPU = Debug|Any CPU
		Release|Any CPU = Release|Any CPU
	EndGlobalSection
	GlobalSection(ProjectConfigurationPlatforms) = postSolution
		{155E7D1B-7523-4515-8A28-58AD4FAB92E5}.Debug|Any CPU.ActiveCfg = Debug|Any CPU
		{155E7D1B-7523-4515-8A28-58AD4FAB92E5}.Debug|Any CPU.Build.0 = Debug|Any CPU
		{155E7D1B-7523-4515-8A28-58AD4FAB92E5}.Release|Any CPU.ActiveCfg = Release|Any CPU
		{155E7D1B-7523-4515-8A28-58AD4FAB92E5}.Release|Any CPU.Build.0 = Release|Any CPU
		{63C2174D-2050-4036-AC3A-E979DFF29002}.Debug|Any CPU.ActiveCfg = Debug|Any CPU
		{63C2174D-2050-4036-AC3A-E979DFF29002}.Debug|Any CPU.Build.0 = Debug|Any CPU
		{63C2174D-2050-4036-AC3A-E979DFF29002}.Release|Any CPU.ActiveCfg = Release|Any CPU
		{63C2174D-2050-4036-AC3A-E979DFF29002}.Release|Any CPU.Build.0 = Release|Any CPU
	EndGlobalSection
	GlobalSection(SolutionProperties) = preSolution
		HideSolutionNode = FALSE
	EndGlobalSection
EndGlobal
